// !$*UTF8*$!
{
	archiveVersion = 1;
	classes = {
	};
	objectVersion = 50;
	objects = {

/* Begin PBXBuildFile section */
		2C2675B2214C5D44000357FD /* AppDelegate.swift in Sources */ = {isa = PBXBuildFile; fileRef = 2C2675B1214C5D44000357FD /* AppDelegate.swift */; };
		2C2675B4214C5D44000357FD /* ViewController.swift in Sources */ = {isa = PBXBuildFile; fileRef = 2C2675B3214C5D44000357FD /* ViewController.swift */; };
		2C2675B7214C5D44000357FD /* Main.storyboard in Resources */ = {isa = PBXBuildFile; fileRef = 2C2675B5214C5D44000357FD /* Main.storyboard */; };
		2C2675B9214C5D45000357FD /* Assets.xcassets in Resources */ = {isa = PBXBuildFile; fileRef = 2C2675B8214C5D45000357FD /* Assets.xcassets */; };
		2C2675BC214C5D45000357FD /* LaunchScreen.storyboard in Resources */ = {isa = PBXBuildFile; fileRef = 2C2675BA214C5D45000357FD /* LaunchScreen.storyboard */; };
		2C2675C7214C5D45000357FD /* GHSwiftPullsSearchTests.swift in Sources */ = {isa = PBXBuildFile; fileRef = 2C2675C6214C5D45000357FD /* GHSwiftPullsSearchTests.swift */; };
		2C2675D2214C5D45000357FD /* GHSwiftPullsSearchUITests.swift in Sources */ = {isa = PBXBuildFile; fileRef = 2C2675D1214C5D45000357FD /* GHSwiftPullsSearchUITests.swift */; };
		2C2675E0214C6351000357FD /* HubersCell.swift in Sources */ = {isa = PBXBuildFile; fileRef = 2C2675DF214C6351000357FD /* HubersCell.swift */; };
		2C2675E2214C677E000357FD /* ItemsJson.swift in Sources */ = {isa = PBXBuildFile; fileRef = 2C2675E1214C677E000357FD /* ItemsJson.swift */; };
		2C7F323A215D67E600DC8096 /* ViewCellDataSource.swift in Sources */ = {isa = PBXBuildFile; fileRef = 2C7F3239215D67E600DC8096 /* ViewCellDataSource.swift */; };
		2CBE48A62150A4D900C84A1D /* ServiceJSON.swift in Sources */ = {isa = PBXBuildFile; fileRef = 2CBE48A52150A4D900C84A1D /* ServiceJSON.swift */; };
		2CBE48AA2150A5A100C84A1D /* GlobalConstantes.swift in Sources */ = {isa = PBXBuildFile; fileRef = 2CBE48A92150A5A100C84A1D /* GlobalConstantes.swift */; };
		555ADBFEC9D399096836A3FF /* Pods_GHSwiftPullsSearchUITests.framework in Frameworks */ = {isa = PBXBuildFile; fileRef = 947D0741D65C714E68D250B7 /* Pods_GHSwiftPullsSearchUITests.framework */; };
		7EC8B17021F52ACB28525840 /* Pods_GHSwiftPullsSearchTests.framework in Frameworks */ = {isa = PBXBuildFile; fileRef = F5BFBF3114F026A27D1666EB /* Pods_GHSwiftPullsSearchTests.framework */; };
		A91AA1862D91F9D89AE04EC4 /* Pods_GHSwiftPullsSearch.framework in Frameworks */ = {isa = PBXBuildFile; fileRef = 2D00FCF507D76D60F3234680 /* Pods_GHSwiftPullsSearch.framework */; };
/* End PBXBuildFile section */

/* Begin PBXContainerItemProxy section */
		2C2675C3214C5D45000357FD /* PBXContainerItemProxy */ = {
			isa = PBXContainerItemProxy;
			containerPortal = 2C2675A6214C5D44000357FD /* Project object */;
			proxyType = 1;
			remoteGlobalIDString = 2C2675AD214C5D44000357FD;
			remoteInfo = GHSwiftPullsSearch;
		};
		2C2675CE214C5D45000357FD /* PBXContainerItemProxy */ = {
			isa = PBXContainerItemProxy;
			containerPortal = 2C2675A6214C5D44000357FD /* Project object */;
			proxyType = 1;
			remoteGlobalIDString = 2C2675AD214C5D44000357FD;
			remoteInfo = GHSwiftPullsSearch;
		};
/* End PBXContainerItemProxy section */

/* Begin PBXFileReference section */
		03B4AE2F2980401D6FF53929 /* Pods-GHSwiftPullsSearchTests.debug.xcconfig */ = {isa = PBXFileReference; includeInIndex = 1; lastKnownFileType = text.xcconfig; name = "Pods-GHSwiftPullsSearchTests.debug.xcconfig"; path = "Pods/Target Support Files/Pods-GHSwiftPullsSearchTests/Pods-GHSwiftPullsSearchTests.debug.xcconfig"; sourceTree = "<group>"; };
		0BDC44428894D3C26DA60722 /* Pods-GHSwiftPullsSearchTests.release.xcconfig */ = {isa = PBXFileReference; includeInIndex = 1; lastKnownFileType = text.xcconfig; name = "Pods-GHSwiftPullsSearchTests.release.xcconfig"; path = "Pods/Target Support Files/Pods-GHSwiftPullsSearchTests/Pods-GHSwiftPullsSearchTests.release.xcconfig"; sourceTree = "<group>"; };
		2C2675AE214C5D44000357FD /* GHSwiftPullsSearch.app */ = {isa = PBXFileReference; explicitFileType = wrapper.application; includeInIndex = 0; path = GHSwiftPullsSearch.app; sourceTree = BUILT_PRODUCTS_DIR; };
		2C2675B1214C5D44000357FD /* AppDelegate.swift */ = {isa = PBXFileReference; lastKnownFileType = sourcecode.swift; path = AppDelegate.swift; sourceTree = "<group>"; };
		2C2675B3214C5D44000357FD /* ViewController.swift */ = {isa = PBXFileReference; lastKnownFileType = sourcecode.swift; path = ViewController.swift; sourceTree = "<group>"; };
		2C2675B6214C5D44000357FD /* Base */ = {isa = PBXFileReference; lastKnownFileType = file.storyboard; name = Base; path = Base.lproj/Main.storyboard; sourceTree = "<group>"; };
		2C2675B8214C5D45000357FD /* Assets.xcassets */ = {isa = PBXFileReference; lastKnownFileType = folder.assetcatalog; path = Assets.xcassets; sourceTree = "<group>"; };
		2C2675BB214C5D45000357FD /* Base */ = {isa = PBXFileReference; lastKnownFileType = file.storyboard; name = Base; path = Base.lproj/LaunchScreen.storyboard; sourceTree = "<group>"; };
		2C2675BD214C5D45000357FD /* Info.plist */ = {isa = PBXFileReference; lastKnownFileType = text.plist.xml; path = Info.plist; sourceTree = "<group>"; };
		2C2675C2214C5D45000357FD /* GHSwiftPullsSearchTests.xctest */ = {isa = PBXFileReference; explicitFileType = wrapper.cfbundle; includeInIndex = 0; path = GHSwiftPullsSearchTests.xctest; sourceTree = BUILT_PRODUCTS_DIR; };
		2C2675C6214C5D45000357FD /* GHSwiftPullsSearchTests.swift */ = {isa = PBXFileReference; lastKnownFileType = sourcecode.swift; path = GHSwiftPullsSearchTests.swift; sourceTree = "<group>"; };
		2C2675C8214C5D45000357FD /* Info.plist */ = {isa = PBXFileReference; lastKnownFileType = text.plist.xml; path = Info.plist; sourceTree = "<group>"; };
		2C2675CD214C5D45000357FD /* GHSwiftPullsSearchUITests.xctest */ = {isa = PBXFileReference; explicitFileType = wrapper.cfbundle; includeInIndex = 0; path = GHSwiftPullsSearchUITests.xctest; sourceTree = BUILT_PRODUCTS_DIR; };
		2C2675D1214C5D45000357FD /* GHSwiftPullsSearchUITests.swift */ = {isa = PBXFileReference; lastKnownFileType = sourcecode.swift; path = GHSwiftPullsSearchUITests.swift; sourceTree = "<group>"; };
		2C2675D3214C5D45000357FD /* Info.plist */ = {isa = PBXFileReference; lastKnownFileType = text.plist.xml; path = Info.plist; sourceTree = "<group>"; };
		2C2675DF214C6351000357FD /* HubersCell.swift */ = {isa = PBXFileReference; lastKnownFileType = sourcecode.swift; path = HubersCell.swift; sourceTree = "<group>"; };
		2C2675E1214C677E000357FD /* ItemsJson.swift */ = {isa = PBXFileReference; lastKnownFileType = sourcecode.swift; path = ItemsJson.swift; sourceTree = "<group>"; };
		2C7F3239215D67E600DC8096 /* ViewCellDataSource.swift */ = {isa = PBXFileReference; lastKnownFileType = sourcecode.swift; path = ViewCellDataSource.swift; sourceTree = "<group>"; };
		2CBE48A52150A4D900C84A1D /* ServiceJSON.swift */ = {isa = PBXFileReference; lastKnownFileType = sourcecode.swift; path = ServiceJSON.swift; sourceTree = "<group>"; };
		2CBE48A92150A5A100C84A1D /* GlobalConstantes.swift */ = {isa = PBXFileReference; lastKnownFileType = sourcecode.swift; path = GlobalConstantes.swift; sourceTree = "<group>"; };
		2D00FCF507D76D60F3234680 /* Pods_GHSwiftPullsSearch.framework */ = {isa = PBXFileReference; explicitFileType = wrapper.framework; includeInIndex = 0; path = Pods_GHSwiftPullsSearch.framework; sourceTree = BUILT_PRODUCTS_DIR; };
		4EFD92EB44F22B2A6B7212F7 /* Pods-GHSwiftPullsSearch.debug.xcconfig */ = {isa = PBXFileReference; includeInIndex = 1; lastKnownFileType = text.xcconfig; name = "Pods-GHSwiftPullsSearch.debug.xcconfig"; path = "Pods/Target Support Files/Pods-GHSwiftPullsSearch/Pods-GHSwiftPullsSearch.debug.xcconfig"; sourceTree = "<group>"; };
		6BAAB7699498D4A30FEB2308 /* Pods-GHSwiftPullsSearchUITests.debug.xcconfig */ = {isa = PBXFileReference; includeInIndex = 1; lastKnownFileType = text.xcconfig; name = "Pods-GHSwiftPullsSearchUITests.debug.xcconfig"; path = "Pods/Target Support Files/Pods-GHSwiftPullsSearchUITests/Pods-GHSwiftPullsSearchUITests.debug.xcconfig"; sourceTree = "<group>"; };
		818CF5E6E7976BC87A9038BA /* Pods-GHSwiftPullsSearch.release.xcconfig */ = {isa = PBXFileReference; includeInIndex = 1; lastKnownFileType = text.xcconfig; name = "Pods-GHSwiftPullsSearch.release.xcconfig"; path = "Pods/Target Support Files/Pods-GHSwiftPullsSearch/Pods-GHSwiftPullsSearch.release.xcconfig"; sourceTree = "<group>"; };
		947D0741D65C714E68D250B7 /* Pods_GHSwiftPullsSearchUITests.framework */ = {isa = PBXFileReference; explicitFileType = wrapper.framework; includeInIndex = 0; path = Pods_GHSwiftPullsSearchUITests.framework; sourceTree = BUILT_PRODUCTS_DIR; };
		C1E71540B5E0CFFD907C6F1C /* Pods-GHSwiftPullsSearchUITests.release.xcconfig */ = {isa = PBXFileReference; includeInIndex = 1; lastKnownFileType = text.xcconfig; name = "Pods-GHSwiftPullsSearchUITests.release.xcconfig"; path = "Pods/Target Support Files/Pods-GHSwiftPullsSearchUITests/Pods-GHSwiftPullsSearchUITests.release.xcconfig"; sourceTree = "<group>"; };
		F5BFBF3114F026A27D1666EB /* Pods_GHSwiftPullsSearchTests.framework */ = {isa = PBXFileReference; explicitFileType = wrapper.framework; includeInIndex = 0; path = Pods_GHSwiftPullsSearchTests.framework; sourceTree = BUILT_PRODUCTS_DIR; };
/* End PBXFileReference section */

/* Begin PBXFrameworksBuildPhase section */
		2C2675AB214C5D44000357FD /* Frameworks */ = {
			isa = PBXFrameworksBuildPhase;
			buildActionMask = 2147483647;
			files = (
				A91AA1862D91F9D89AE04EC4 /* Pods_GHSwiftPullsSearch.framework in Frameworks */,
			);
			runOnlyForDeploymentPostprocessing = 0;
		};
		2C2675BF214C5D45000357FD /* Frameworks */ = {
			isa = PBXFrameworksBuildPhase;
			buildActionMask = 2147483647;
			files = (
				7EC8B17021F52ACB28525840 /* Pods_GHSwiftPullsSearchTests.framework in Frameworks */,
			);
			runOnlyForDeploymentPostprocessing = 0;
		};
		2C2675CA214C5D45000357FD /* Frameworks */ = {
			isa = PBXFrameworksBuildPhase;
			buildActionMask = 2147483647;
			files = (
				555ADBFEC9D399096836A3FF /* Pods_GHSwiftPullsSearchUITests.framework in Frameworks */,
			);
			runOnlyForDeploymentPostprocessing = 0;
		};
/* End PBXFrameworksBuildPhase section */

/* Begin PBXGroup section */
		0B2BA90550FCEBFB4B144ADB /* Frameworks */ = {
			isa = PBXGroup;
			children = (
				2D00FCF507D76D60F3234680 /* Pods_GHSwiftPullsSearch.framework */,
				F5BFBF3114F026A27D1666EB /* Pods_GHSwiftPullsSearchTests.framework */,
				947D0741D65C714E68D250B7 /* Pods_GHSwiftPullsSearchUITests.framework */,
			);
			name = Frameworks;
			sourceTree = "<group>";
		};
		2C2675A5214C5D44000357FD = {
			isa = PBXGroup;
			children = (
				2C2675B0214C5D44000357FD /* GHSwiftPullsSearch */,
				2C2675C5214C5D45000357FD /* GHSwiftPullsSearchTests */,
				2C2675D0214C5D45000357FD /* GHSwiftPullsSearchUITests */,
				2C2675AF214C5D44000357FD /* Products */,
				8E5A231074BA09EA88894757 /* Pods */,
				0B2BA90550FCEBFB4B144ADB /* Frameworks */,
			);
			sourceTree = "<group>";
		};
		2C2675AF214C5D44000357FD /* Products */ = {
			isa = PBXGroup;
			children = (
				2C2675AE214C5D44000357FD /* GHSwiftPullsSearch.app */,
				2C2675C2214C5D45000357FD /* GHSwiftPullsSearchTests.xctest */,
				2C2675CD214C5D45000357FD /* GHSwiftPullsSearchUITests.xctest */,
			);
			name = Products;
			sourceTree = "<group>";
		};
		2C2675B0214C5D44000357FD /* GHSwiftPullsSearch */ = {
			isa = PBXGroup;
			children = (
				2CBE48AF2150AD6B00C84A1D /* Resource */,
				2CBE48A22150A40600C84A1D /* Model */,
				2CBE48A12150A3FE00C84A1D /* View */,
				2CBE48A02150A3EF00C84A1D /* Controller */,
				2C2675BD214C5D45000357FD /* Info.plist */,
			);
			path = GHSwiftPullsSearch;
			sourceTree = "<group>";
		};
		2C2675C5214C5D45000357FD /* GHSwiftPullsSearchTests */ = {
			isa = PBXGroup;
			children = (
				2C2675C6214C5D45000357FD /* GHSwiftPullsSearchTests.swift */,
				2C2675C8214C5D45000357FD /* Info.plist */,
			);
			path = GHSwiftPullsSearchTests;
			sourceTree = "<group>";
		};
		2C2675D0214C5D45000357FD /* GHSwiftPullsSearchUITests */ = {
			isa = PBXGroup;
			children = (
				2C2675D1214C5D45000357FD /* GHSwiftPullsSearchUITests.swift */,
				2C2675D3214C5D45000357FD /* Info.plist */,
			);
			path = GHSwiftPullsSearchUITests;
			sourceTree = "<group>";
		};
		2C7F3238215D642800DC8096 /* DataSource */ = {
			isa = PBXGroup;
			children = (
				2C7F3239215D67E600DC8096 /* ViewCellDataSource.swift */,
			);
			name = DataSource;
			sourceTree = "<group>";
		};
		2CBE48A02150A3EF00C84A1D /* Controller */ = {
			isa = PBXGroup;
			children = (
				2C2675B3214C5D44000357FD /* ViewController.swift */,
			);
			name = Controller;
			sourceTree = "<group>";
		};
		2CBE48A12150A3FE00C84A1D /* View */ = {
			isa = PBXGroup;
			children = (
				2C2675B5214C5D44000357FD /* Main.storyboard */,
				2C2675BA214C5D45000357FD /* LaunchScreen.storyboard */,
			);
			path = View;
			sourceTree = "<group>";
		};
		2CBE48A22150A40600C84A1D /* Model */ = {
			isa = PBXGroup;
			children = (
				2C7F3238215D642800DC8096 /* DataSource */,
				2CBE48A82150A55800C84A1D /* Constantes */,
				2CBE48AB2150A7CE00C84A1D /* Delegates */,
				2CBE48A42150A48800C84A1D /* Config */,
				2CBE48A32150A41600C84A1D /* Codeble&Decodable */,
			);
			name = Model;
			sourceTree = "<group>";
		};
		2CBE48A32150A41600C84A1D /* Codeble&Decodable */ = {
			isa = PBXGroup;
			children = (
				2C2675DF214C6351000357FD /* HubersCell.swift */,
				2C2675E1214C677E000357FD /* ItemsJson.swift */,
			);
			path = "Codeble&Decodable";
			sourceTree = "<group>";
		};
		2CBE48A42150A48800C84A1D /* Config */ = {
			isa = PBXGroup;
			children = (
				2CBE48A72150A54900C84A1D /* API */,
			);
			name = Config;
			sourceTree = "<group>";
		};
		2CBE48A72150A54900C84A1D /* API */ = {
			isa = PBXGroup;
			children = (
				2CBE48A52150A4D900C84A1D /* ServiceJSON.swift */,
			);
			path = API;
			sourceTree = "<group>";
		};
		2CBE48A82150A55800C84A1D /* Constantes */ = {
			isa = PBXGroup;
			children = (
				2CBE48A92150A5A100C84A1D /* GlobalConstantes.swift */,
			);
			name = Constantes;
			sourceTree = "<group>";
		};
		2CBE48AB2150A7CE00C84A1D /* Delegates */ = {
			isa = PBXGroup;
			children = (
				2C2675B1214C5D44000357FD /* AppDelegate.swift */,
			);
			name = Delegates;
			sourceTree = "<group>";
		};
		2CBE48AF2150AD6B00C84A1D /* Resource */ = {
			isa = PBXGroup;
			children = (
				2CBE48B02150AD7C00C84A1D /* Source */,
			);
			path = Resource;
			sourceTree = "<group>";
		};
		2CBE48B02150AD7C00C84A1D /* Source */ = {
			isa = PBXGroup;
			children = (
				2C2675B8214C5D45000357FD /* Assets.xcassets */,
			);
			name = Source;
			sourceTree = "<group>";
		};
		8E5A231074BA09EA88894757 /* Pods */ = {
			isa = PBXGroup;
			children = (
				4EFD92EB44F22B2A6B7212F7 /* Pods-GHSwiftPullsSearch.debug.xcconfig */,
				818CF5E6E7976BC87A9038BA /* Pods-GHSwiftPullsSearch.release.xcconfig */,
				03B4AE2F2980401D6FF53929 /* Pods-GHSwiftPullsSearchTests.debug.xcconfig */,
				0BDC44428894D3C26DA60722 /* Pods-GHSwiftPullsSearchTests.release.xcconfig */,
				6BAAB7699498D4A30FEB2308 /* Pods-GHSwiftPullsSearchUITests.debug.xcconfig */,
				C1E71540B5E0CFFD907C6F1C /* Pods-GHSwiftPullsSearchUITests.release.xcconfig */,
			);
			name = Pods;
			sourceTree = "<group>";
		};
/* End PBXGroup section */

/* Begin PBXNativeTarget section */
		2C2675AD214C5D44000357FD /* GHSwiftPullsSearch */ = {
			isa = PBXNativeTarget;
			buildConfigurationList = 2C2675D6214C5D45000357FD /* Build configuration list for PBXNativeTarget "GHSwiftPullsSearch" */;
			buildPhases = (
				8882D9F1789ECCB35C1BA3EC /* [CP] Check Pods Manifest.lock */,
				2C2675AA214C5D44000357FD /* Sources */,
				2C2675AB214C5D44000357FD /* Frameworks */,
				2C2675AC214C5D44000357FD /* Resources */,
				9D0F3BCBF27AA8A113013044 /* [CP] Embed Pods Frameworks */,
			);
			buildRules = (
			);
			dependencies = (
			);
			name = GHSwiftPullsSearch;
			productName = GHSwiftPullsSearch;
			productReference = 2C2675AE214C5D44000357FD /* GHSwiftPullsSearch.app */;
			productType = "com.apple.product-type.application";
		};
		2C2675C1214C5D45000357FD /* GHSwiftPullsSearchTests */ = {
			isa = PBXNativeTarget;
			buildConfigurationList = 2C2675D9214C5D45000357FD /* Build configuration list for PBXNativeTarget "GHSwiftPullsSearchTests" */;
			buildPhases = (
				009B38CA9EDF9A6EAE9973EB /* [CP] Check Pods Manifest.lock */,
				2C2675BE214C5D45000357FD /* Sources */,
				2C2675BF214C5D45000357FD /* Frameworks */,
				2C2675C0214C5D45000357FD /* Resources */,
			);
			buildRules = (
			);
			dependencies = (
				2C2675C4214C5D45000357FD /* PBXTargetDependency */,
			);
			name = GHSwiftPullsSearchTests;
			productName = GHSwiftPullsSearchTests;
			productReference = 2C2675C2214C5D45000357FD /* GHSwiftPullsSearchTests.xctest */;
			productType = "com.apple.product-type.bundle.unit-test";
		};
		2C2675CC214C5D45000357FD /* GHSwiftPullsSearchUITests */ = {
			isa = PBXNativeTarget;
			buildConfigurationList = 2C2675DC214C5D45000357FD /* Build configuration list for PBXNativeTarget "GHSwiftPullsSearchUITests" */;
			buildPhases = (
				9301A597F330C725F02F10AD /* [CP] Check Pods Manifest.lock */,
				2C2675C9214C5D45000357FD /* Sources */,
				2C2675CA214C5D45000357FD /* Frameworks */,
				2C2675CB214C5D45000357FD /* Resources */,
			);
			buildRules = (
			);
			dependencies = (
				2C2675CF214C5D45000357FD /* PBXTargetDependency */,
			);
			name = GHSwiftPullsSearchUITests;
			productName = GHSwiftPullsSearchUITests;
			productReference = 2C2675CD214C5D45000357FD /* GHSwiftPullsSearchUITests.xctest */;
			productType = "com.apple.product-type.bundle.ui-testing";
		};
/* End PBXNativeTarget section */

/* Begin PBXProject section */
		2C2675A6214C5D44000357FD /* Project object */ = {
			isa = PBXProject;
			attributes = {
				LastSwiftUpdateCheck = 0940;
				LastUpgradeCheck = 0940;
				ORGANIZATIONNAME = "Giovanny Silva Esposito";
				TargetAttributes = {
					2C2675AD214C5D44000357FD = {
						CreatedOnToolsVersion = 9.4.1;
					};
					2C2675C1214C5D45000357FD = {
						CreatedOnToolsVersion = 9.4.1;
						TestTargetID = 2C2675AD214C5D44000357FD;
					};
					2C2675CC214C5D45000357FD = {
						CreatedOnToolsVersion = 9.4.1;
						TestTargetID = 2C2675AD214C5D44000357FD;
					};
				};
			};
			buildConfigurationList = 2C2675A9214C5D44000357FD /* Build configuration list for PBXProject "GHSwiftPullsSearch" */;
			compatibilityVersion = "Xcode 9.3";
			developmentRegion = en;
			hasScannedForEncodings = 0;
			knownRegions = (
				en,
				Base,
			);
			mainGroup = 2C2675A5214C5D44000357FD;
			productRefGroup = 2C2675AF214C5D44000357FD /* Products */;
			projectDirPath = "";
			projectRoot = "";
			targets = (
				2C2675AD214C5D44000357FD /* GHSwiftPullsSearch */,
				2C2675C1214C5D45000357FD /* GHSwiftPullsSearchTests */,
				2C2675CC214C5D45000357FD /* GHSwiftPullsSearchUITests */,
			);
		};
/* End PBXProject section */

/* Begin PBXResourcesBuildPhase section */
		2C2675AC214C5D44000357FD /* Resources */ = {
			isa = PBXResourcesBuildPhase;
			buildActionMask = 2147483647;
			files = (
				2C2675BC214C5D45000357FD /* LaunchScreen.storyboard in Resources */,
				2C2675B9214C5D45000357FD /* Assets.xcassets in Resources */,
				2C2675B7214C5D44000357FD /* Main.storyboard in Resources */,
			);
			runOnlyForDeploymentPostprocessing = 0;
		};
		2C2675C0214C5D45000357FD /* Resources */ = {
			isa = PBXResourcesBuildPhase;
			buildActionMask = 2147483647;
			files = (
			);
			runOnlyForDeploymentPostprocessing = 0;
		};
		2C2675CB214C5D45000357FD /* Resources */ = {
			isa = PBXResourcesBuildPhase;
			buildActionMask = 2147483647;
			files = (
			);
			runOnlyForDeploymentPostprocessing = 0;
		};
/* End PBXResourcesBuildPhase section */

/* Begin PBXShellScriptBuildPhase section */
		009B38CA9EDF9A6EAE9973EB /* [CP] Check Pods Manifest.lock */ = {
			isa = PBXShellScriptBuildPhase;
			buildActionMask = 2147483647;
			files = (
			);
			inputPaths = (
				"${PODS_PODFILE_DIR_PATH}/Podfile.lock",
				"${PODS_ROOT}/Manifest.lock",
			);
			name = "[CP] Check Pods Manifest.lock";
			outputPaths = (
				"$(DERIVED_FILE_DIR)/Pods-GHSwiftPullsSearchTests-checkManifestLockResult.txt",
			);
			runOnlyForDeploymentPostprocessing = 0;
			shellPath = /bin/sh;
			shellScript = "diff \"${PODS_PODFILE_DIR_PATH}/Podfile.lock\" \"${PODS_ROOT}/Manifest.lock\" > /dev/null\nif [ $? != 0 ] ; then\n    # print error to STDERR\n    echo \"error: The sandbox is not in sync with the Podfile.lock. Run 'pod install' or update your CocoaPods installation.\" >&2\n    exit 1\nfi\n# This output is used by Xcode 'outputs' to avoid re-running this script phase.\necho \"SUCCESS\" > \"${SCRIPT_OUTPUT_FILE_0}\"\n";
			showEnvVarsInLog = 0;
		};
		8882D9F1789ECCB35C1BA3EC /* [CP] Check Pods Manifest.lock */ = {
			isa = PBXShellScriptBuildPhase;
			buildActionMask = 2147483647;
			files = (
			);
			inputPaths = (
				"${PODS_PODFILE_DIR_PATH}/Podfile.lock",
				"${PODS_ROOT}/Manifest.lock",
			);
			name = "[CP] Check Pods Manifest.lock";
			outputPaths = (
				"$(DERIVED_FILE_DIR)/Pods-GHSwiftPullsSearch-checkManifestLockResult.txt",
			);
			runOnlyForDeploymentPostprocessing = 0;
			shellPath = /bin/sh;
			shellScript = "diff \"${PODS_PODFILE_DIR_PATH}/Podfile.lock\" \"${PODS_ROOT}/Manifest.lock\" > /dev/null\nif [ $? != 0 ] ; then\n    # print error to STDERR\n    echo \"error: The sandbox is not in sync with the Podfile.lock. Run 'pod install' or update your CocoaPods installation.\" >&2\n    exit 1\nfi\n# This output is used by Xcode 'outputs' to avoid re-running this script phase.\necho \"SUCCESS\" > \"${SCRIPT_OUTPUT_FILE_0}\"\n";
			showEnvVarsInLog = 0;
		};
		9301A597F330C725F02F10AD /* [CP] Check Pods Manifest.lock */ = {
			isa = PBXShellScriptBuildPhase;
			buildActionMask = 2147483647;
			files = (
			);
			inputPaths = (
				"${PODS_PODFILE_DIR_PATH}/Podfile.lock",
				"${PODS_ROOT}/Manifest.lock",
			);
			name = "[CP] Check Pods Manifest.lock";
			outputPaths = (
				"$(DERIVED_FILE_DIR)/Pods-GHSwiftPullsSearchUITests-checkManifestLockResult.txt",
			);
			runOnlyForDeploymentPostprocessing = 0;
			shellPath = /bin/sh;
			shellScript = "diff \"${PODS_PODFILE_DIR_PATH}/Podfile.lock\" \"${PODS_ROOT}/Manifest.lock\" > /dev/null\nif [ $? != 0 ] ; then\n    # print error to STDERR\n    echo \"error: The sandbox is not in sync with the Podfile.lock. Run 'pod install' or update your CocoaPods installation.\" >&2\n    exit 1\nfi\n# This output is used by Xcode 'outputs' to avoid re-running this script phase.\necho \"SUCCESS\" > \"${SCRIPT_OUTPUT_FILE_0}\"\n";
			showEnvVarsInLog = 0;
		};
		9D0F3BCBF27AA8A113013044 /* [CP] Embed Pods Frameworks */ = {
			isa = PBXShellScriptBuildPhase;
			buildActionMask = 2147483647;
			files = (
			);
			inputPaths = (
				"${SRCROOT}/Pods/Target Support Files/Pods-GHSwiftPullsSearch/Pods-GHSwiftPullsSearch-frameworks.sh",
				"${BUILT_PRODUCTS_DIR}/TableViewReloadAnimation/TableViewReloadAnimation.framework",
			);
			name = "[CP] Embed Pods Frameworks";
			outputPaths = (
				"${TARGET_BUILD_DIR}/${FRAMEWORKS_FOLDER_PATH}/TableViewReloadAnimation.framework",
			);
			runOnlyForDeploymentPostprocessing = 0;
			shellPath = /bin/sh;
			shellScript = "\"${SRCROOT}/Pods/Target Support Files/Pods-GHSwiftPullsSearch/Pods-GHSwiftPullsSearch-frameworks.sh\"\n";
			showEnvVarsInLog = 0;
		};
/* End PBXShellScriptBuildPhase section */

/* Begin PBXSourcesBuildPhase section */
		2C2675AA214C5D44000357FD /* Sources */ = {
			isa = PBXSourcesBuildPhase;
			buildActionMask = 2147483647;
			files = (
				2C2675E2214C677E000357FD /* ItemsJson.swift in Sources */,
				2C7F323A215D67E600DC8096 /* ViewCellDataSource.swift in Sources */,
				2C2675E0214C6351000357FD /* HubersCell.swift in Sources */,
				2CBE48AA2150A5A100C84A1D /* GlobalConstantes.swift in Sources */,
				2C2675B4214C5D44000357FD /* ViewController.swift in Sources */,
				2C2675B2214C5D44000357FD /* AppDelegate.swift in Sources */,
				2CBE48A62150A4D900C84A1D /* ServiceJSON.swift in Sources */,
			);
			runOnlyForDeploymentPostprocessing = 0;
		};
		2C2675BE214C5D45000357FD /* Sources */ = {
			isa = PBXSourcesBuildPhase;
			buildActionMask = 2147483647;
			files = (
				2C2675C7214C5D45000357FD /* GHSwiftPullsSearchTests.swift in Sources */,
			);
			runOnlyForDeploymentPostprocessing = 0;
		};
		2C2675C9214C5D45000357FD /* Sources */ = {
			isa = PBXSourcesBuildPhase;
			buildActionMask = 2147483647;
			files = (
				2C2675D2214C5D45000357FD /* GHSwiftPullsSearchUITests.swift in Sources */,
			);
			runOnlyForDeploymentPostprocessing = 0;
		};
/* End PBXSourcesBuildPhase section */

/* Begin PBXTargetDependency section */
		2C2675C4214C5D45000357FD /* PBXTargetDependency */ = {
			isa = PBXTargetDependency;
			target = 2C2675AD214C5D44000357FD /* GHSwiftPullsSearch */;
			targetProxy = 2C2675C3214C5D45000357FD /* PBXContainerItemProxy */;
		};
		2C2675CF214C5D45000357FD /* PBXTargetDependency */ = {
			isa = PBXTargetDependency;
			target = 2C2675AD214C5D44000357FD /* GHSwiftPullsSearch */;
			targetProxy = 2C2675CE214C5D45000357FD /* PBXContainerItemProxy */;
		};
/* End PBXTargetDependency section */

/* Begin PBXVariantGroup section */
		2C2675B5214C5D44000357FD /* Main.storyboard */ = {
			isa = PBXVariantGroup;
			children = (
				2C2675B6214C5D44000357FD /* Base */,
			);
			name = Main.storyboard;
			sourceTree = "<group>";
		};
		2C2675BA214C5D45000357FD /* LaunchScreen.storyboard */ = {
			isa = PBXVariantGroup;
			children = (
				2C2675BB214C5D45000357FD /* Base */,
			);
			name = LaunchScreen.storyboard;
			sourceTree = "<group>";
		};
/* End PBXVariantGroup section */

/* Begin XCBuildConfiguration section */
		2C2675D4214C5D45000357FD /* Debug */ = {
			isa = XCBuildConfiguration;
			buildSettings = {
				ALWAYS_SEARCH_USER_PATHS = NO;
				CLANG_ANALYZER_NONNULL = YES;
				CLANG_ANALYZER_NUMBER_OBJECT_CONVERSION = YES_AGGRESSIVE;
				CLANG_CXX_LANGUAGE_STANDARD = "gnu++14";
				CLANG_CXX_LIBRARY = "libc++";
				CLANG_ENABLE_MODULES = YES;
				CLANG_ENABLE_OBJC_ARC = YES;
				CLANG_ENABLE_OBJC_WEAK = YES;
				CLANG_WARN_BLOCK_CAPTURE_AUTORELEASING = YES;
				CLANG_WARN_BOOL_CONVERSION = YES;
				CLANG_WARN_COMMA = YES;
				CLANG_WARN_CONSTANT_CONVERSION = YES;
				CLANG_WARN_DEPRECATED_OBJC_IMPLEMENTATIONS = YES;
				CLANG_WARN_DIRECT_OBJC_ISA_USAGE = YES_ERROR;
				CLANG_WARN_DOCUMENTATION_COMMENTS = YES;
				CLANG_WARN_EMPTY_BODY = YES;
				CLANG_WARN_ENUM_CONVERSION = YES;
				CLANG_WARN_INFINITE_RECURSION = YES;
				CLANG_WARN_INT_CONVERSION = YES;
				CLANG_WARN_NON_LITERAL_NULL_CONVERSION = YES;
				CLANG_WARN_OBJC_IMPLICIT_RETAIN_SELF = YES;
				CLANG_WARN_OBJC_LITERAL_CONVERSION = YES;
				CLANG_WARN_OBJC_ROOT_CLASS = YES_ERROR;
				CLANG_WARN_RANGE_LOOP_ANALYSIS = YES;
				CLANG_WARN_STRICT_PROTOTYPES = YES;
				CLANG_WARN_SUSPICIOUS_MOVE = YES;
				CLANG_WARN_UNGUARDED_AVAILABILITY = YES_AGGRESSIVE;
				CLANG_WARN_UNREACHABLE_CODE = YES;
				CLANG_WARN__DUPLICATE_METHOD_MATCH = YES;
				CODE_SIGN_IDENTITY = "iPhone Developer";
				COPY_PHASE_STRIP = NO;
				DEBUG_INFORMATION_FORMAT = dwarf;
				ENABLE_STRICT_OBJC_MSGSEND = YES;
				ENABLE_TESTABILITY = YES;
				GCC_C_LANGUAGE_STANDARD = gnu11;
				GCC_DYNAMIC_NO_PIC = NO;
				GCC_NO_COMMON_BLOCKS = YES;
				GCC_OPTIMIZATION_LEVEL = 0;
				GCC_PREPROCESSOR_DEFINITIONS = (
					"DEBUG=1",
					"$(inherited)",
				);
				GCC_WARN_64_TO_32_BIT_CONVERSION = YES;
				GCC_WARN_ABOUT_RETURN_TYPE = YES_ERROR;
				GCC_WARN_UNDECLARED_SELECTOR = YES;
				GCC_WARN_UNINITIALIZED_AUTOS = YES_AGGRESSIVE;
				GCC_WARN_UNUSED_FUNCTION = YES;
				GCC_WARN_UNUSED_VARIABLE = YES;
				IPHONEOS_DEPLOYMENT_TARGET = 11.4;
				MTL_ENABLE_DEBUG_INFO = YES;
				ONLY_ACTIVE_ARCH = YES;
				SDKROOT = iphoneos;
				SWIFT_ACTIVE_COMPILATION_CONDITIONS = DEBUG;
				SWIFT_OPTIMIZATION_LEVEL = "-Onone";
			};
			name = Debug;
		};
		2C2675D5214C5D45000357FD /* Release */ = {
			isa = XCBuildConfiguration;
			buildSettings = {
				ALWAYS_SEARCH_USER_PATHS = NO;
				CLANG_ANALYZER_NONNULL = YES;
				CLANG_ANALYZER_NUMBER_OBJECT_CONVERSION = YES_AGGRESSIVE;
				CLANG_CXX_LANGUAGE_STANDARD = "gnu++14";
				CLANG_CXX_LIBRARY = "libc++";
				CLANG_ENABLE_MODULES = YES;
				CLANG_ENABLE_OBJC_ARC = YES;
				CLANG_ENABLE_OBJC_WEAK = YES;
				CLANG_WARN_BLOCK_CAPTURE_AUTORELEASING = YES;
				CLANG_WARN_BOOL_CONVERSION = YES;
				CLANG_WARN_COMMA = YES;
				CLANG_WARN_CONSTANT_CONVERSION = YES;
				CLANG_WARN_DEPRECATED_OBJC_IMPLEMENTATIONS = YES;
				CLANG_WARN_DIRECT_OBJC_ISA_USAGE = YES_ERROR;
				CLANG_WARN_DOCUMENTATION_COMMENTS = YES;
				CLANG_WARN_EMPTY_BODY = YES;
				CLANG_WARN_ENUM_CONVERSION = YES;
				CLANG_WARN_INFINITE_RECURSION = YES;
				CLANG_WARN_INT_CONVERSION = YES;
				CLANG_WARN_NON_LITERAL_NULL_CONVERSION = YES;
				CLANG_WARN_OBJC_IMPLICIT_RETAIN_SELF = YES;
				CLANG_WARN_OBJC_LITERAL_CONVERSION = YES;
				CLANG_WARN_OBJC_ROOT_CLASS = YES_ERROR;
				CLANG_WARN_RANGE_LOOP_ANALYSIS = YES;
				CLANG_WARN_STRICT_PROTOTYPES = YES;
				CLANG_WARN_SUSPICIOUS_MOVE = YES;
				CLANG_WARN_UNGUARDED_AVAILABILITY = YES_AGGRESSIVE;
				CLANG_WARN_UNREACHABLE_CODE = YES;
				CLANG_WARN__DUPLICATE_METHOD_MATCH = YES;
				CODE_SIGN_IDENTITY = "iPhone Developer";
				COPY_PHASE_STRIP = NO;
				DEBUG_INFORMATION_FORMAT = "dwarf-with-dsym";
				ENABLE_NS_ASSERTIONS = NO;
				ENABLE_STRICT_OBJC_MSGSEND = YES;
				GCC_C_LANGUAGE_STANDARD = gnu11;
				GCC_NO_COMMON_BLOCKS = YES;
				GCC_WARN_64_TO_32_BIT_CONVERSION = YES;
				GCC_WARN_ABOUT_RETURN_TYPE = YES_ERROR;
				GCC_WARN_UNDECLARED_SELECTOR = YES;
				GCC_WARN_UNINITIALIZED_AUTOS = YES_AGGRESSIVE;
				GCC_WARN_UNUSED_FUNCTION = YES;
				GCC_WARN_UNUSED_VARIABLE = YES;
				IPHONEOS_DEPLOYMENT_TARGET = 11.4;
				MTL_ENABLE_DEBUG_INFO = NO;
				SDKROOT = iphoneos;
				SWIFT_COMPILATION_MODE = wholemodule;
				SWIFT_OPTIMIZATION_LEVEL = "-O";
				VALIDATE_PRODUCT = YES;
			};
			name = Release;
		};
		2C2675D7214C5D45000357FD /* Debug */ = {
			isa = XCBuildConfiguration;
			baseConfigurationReference = 4EFD92EB44F22B2A6B7212F7 /* Pods-GHSwiftPullsSearch.debug.xcconfig */;
			buildSettings = {
				ASSETCATALOG_COMPILER_APPICON_NAME = AppIcon;
				CODE_SIGN_STYLE = Automatic;
				DEVELOPMENT_TEAM = 65QPP738P9;
				INFOPLIST_FILE = GHSwiftPullsSearch/Info.plist;
				LD_RUNPATH_SEARCH_PATHS = (
					"$(inherited)",
					"@executable_path/Frameworks",
				);
				PRODUCT_BUNDLE_IDENTIFIER = com.giovanny.GHSwiftPullsSearch;
				PRODUCT_NAME = "$(TARGET_NAME)";
				SWIFT_VERSION = 4.0;
				TARGETED_DEVICE_FAMILY = "1,2";
			};
			name = Debug;
		};
		2C2675D8214C5D45000357FD /* Release */ = {
			isa = XCBuildConfiguration;
			baseConfigurationReference = 818CF5E6E7976BC87A9038BA /* Pods-GHSwiftPullsSearch.release.xcconfig */;
			buildSettings = {
				ASSETCATALOG_COMPILER_APPICON_NAME = AppIcon;
				CODE_SIGN_STYLE = Automatic;
				DEVELOPMENT_TEAM = 65QPP738P9;
				INFOPLIST_FILE = GHSwiftPullsSearch/Info.plist;
				LD_RUNPATH_SEARCH_PATHS = (
					"$(inherited)",
					"@executable_path/Frameworks",
				);
				PRODUCT_BUNDLE_IDENTIFIER = com.giovanny.GHSwiftPullsSearch;
				PRODUCT_NAME = "$(TARGET_NAME)";
				SWIFT_VERSION = 4.0;
				TARGETED_DEVICE_FAMILY = "1,2";
			};
			name = Release;
		};
		2C2675DA214C5D45000357FD /* Debug */ = {
			isa = XCBuildConfiguration;
			baseConfigurationReference = 03B4AE2F2980401D6FF53929 /* Pods-GHSwiftPullsSearchTests.debug.xcconfig */;
			buildSettings = {
				ALWAYS_EMBED_SWIFT_STANDARD_LIBRARIES = YES;
				BUNDLE_LOADER = "$(TEST_HOST)";
				CODE_SIGN_STYLE = Automatic;
				DEVELOPMENT_TEAM = 65QPP738P9;
				INFOPLIST_FILE = GHSwiftPullsSearchTests/Info.plist;
				LD_RUNPATH_SEARCH_PATHS = (
					"$(inherited)",
					"@executable_path/Frameworks",
					"@loader_path/Frameworks",
				);
				PRODUCT_BUNDLE_IDENTIFIER = com.giovanny.GHSwiftPullsSearchTests;
				PRODUCT_NAME = "$(TARGET_NAME)";
				SWIFT_VERSION = 4.0;
				TARGETED_DEVICE_FAMILY = "1,2";
				TEST_HOST = "$(BUILT_PRODUCTS_DIR)/GHSwiftPullsSearch.app/GHSwiftPullsSearch";
			};
			name = Debug;
		};
		2C2675DB214C5D45000357FD /* Release */ = {
			isa = XCBuildConfiguration;
			baseConfigurationReference = 0BDC44428894D3C26DA60722 /* Pods-GHSwiftPullsSearchTests.release.xcconfig */;
			buildSettings = {
				ALWAYS_EMBED_SWIFT_STANDARD_LIBRARIES = YES;
				BUNDLE_LOADER = "$(TEST_HOST)";
				CODE_SIGN_STYLE = Automatic;
				DEVELOPMENT_TEAM = 65QPP738P9;
				INFOPLIST_FILE = GHSwiftPullsSearchTests/Info.plist;
				LD_RUNPATH_SEARCH_PATHS = (
					"$(inherited)",
					"@executable_path/Frameworks",
					"@loader_path/Frameworks",
				);
				PRODUCT_BUNDLE_IDENTIFIER = com.giovanny.GHSwiftPullsSearchTests;
				PRODUCT_NAME = "$(TARGET_NAME)";
				SWIFT_VERSION = 4.0;
				TARGETED_DEVICE_FAMILY = "1,2";
				TEST_HOST = "$(BUILT_PRODUCTS_DIR)/GHSwiftPullsSearch.app/GHSwiftPullsSearch";
			};
			name = Release;
		};
		2C2675DD214C5D45000357FD /* Debug */ = {
			isa = XCBuildConfiguration;
			baseConfigurationReference = 6BAAB7699498D4A30FEB2308 /* Pods-GHSwiftPullsSearchUITests.debug.xcconfig */;
			buildSettings = {
				ALWAYS_EMBED_SWIFT_STANDARD_LIBRARIES = YES;
				CODE_SIGN_STYLE = Automatic;
				DEVELOPMENT_TEAM = 65QPP738P9;
				INFOPLIST_FILE = GHSwiftPullsSearchUITests/Info.plist;
				LD_RUNPATH_SEARCH_PATHS = (
					"$(inherited)",
					"@executable_path/Frameworks",
					"@loader_path/Frameworks",
				);
				PRODUCT_BUNDLE_IDENTIFIER = com.giovanny.GHSwiftPullsSearchUITests;
				PRODUCT_NAME = "$(TARGET_NAME)";
				SWIFT_VERSION = 4.0;
				TARGETED_DEVICE_FAMILY = "1,2";
				TEST_TARGET_NAME = GHSwiftPullsSearch;
			};
			name = Debug;
		};
		2C2675DE214C5D45000357FD /* Release */ = {
			isa = XCBuildConfiguration;
			baseConfigurationReference = C1E71540B5E0CFFD907C6F1C /* Pods-GHSwiftPullsSearchUITests.release.xcconfig */;
			buildSettings = {
				ALWAYS_EMBED_SWIFT_STANDARD_LIBRARIES = YES;
				CODE_SIGN_STYLE = Automatic;
				DEVELOPMENT_TEAM = 65QPP738P9;
				INFOPLIST_FILE = GHSwiftPullsSearchUITests/Info.plist;
				LD_RUNPATH_SEARCH_PATHS = (
					"$(inherited)",
					"@executable_path/Frameworks",
					"@loader_path/Frameworks",
				);
				PRODUCT_BUNDLE_IDENTIFIER = com.giovanny.GHSwiftPullsSearchUITests;
				PRODUCT_NAME = "$(TARGET_NAME)";
				SWIFT_VERSION = 4.0;
				TARGETED_DEVICE_FAMILY = "1,2";
				TEST_TARGET_NAME = GHSwiftPullsSearch;
			};
			name = Release;
		};
/* End XCBuildConfiguration section */

/* Begin XCConfigurationList section */
		2C2675A9214C5D44000357FD /* Build configuration list for PBXProject "GHSwiftPullsSearch" */ = {
			isa = XCConfigurationList;
			buildConfigurations = (
				2C2675D4214C5D45000357FD /* Debug */,
				2C2675D5214C5D45000357FD /* Release */,
			);
			defaultConfigurationIsVisible = 0;
			defaultConfigurationName = Release;
		};
		2C2675D6214C5D45000357FD /* Build configuration list for PBXNativeTarget "GHSwiftPullsSearch" */ = {
			isa = XCConfigurationList;
			buildConfigurations = (
				2C2675D7214C5D45000357FD /* Debug */,
				2C2675D8214C5D45000357FD /* Release */,
			);
			defaultConfigurationIsVisible = 0;
			defaultConfigurationName = Release;
		};
		2C2675D9214C5D45000357FD /* Build configuration list for PBXNativeTarget "GHSwiftPullsSearchTests" */ = {
			isa = XCConfigurationList;
			buildConfigurations = (
				2C2675DA214C5D45000357FD /* Debug */,
				2C2675DB214C5D45000357FD /* Release */,
			);
			defaultConfigurationIsVisible = 0;
			defaultConfigurationName = Release;
		};
		2C2675DC214C5D45000357FD /* Build configuration list for PBXNativeTarget "GHSwiftPullsSearchUITests" */ = {
			isa = XCConfigurationList;
			buildConfigurations = (
				2C2675DD214C5D45000357FD /* Debug */,
				2C2675DE214C5D45000357FD /* Release */,
			);
			defaultConfigurationIsVisible = 0;
			defaultConfigurationName = Release;
		};
/* End XCConfigurationList section */
	};
	rootObject = 2C2675A6214C5D44000357FD /* Project object */;
}
